
Microsoft Visual Studio Solution File, Format Version 12.00
# Visual Studio 15
VisualStudioVersion = 15.0.34526.175
MinimumVisualStudioVersion = 10.0.40219.1
Project("{FAE04EC0-301F-11D3-BF4B-00C04F79EFBC}") = "WpfApp1", "WpfApp1\WpfApp1.csproj", "{DA02CEDC-5764-4E1A-8B5E-D4F9E7630563}"
EndProject
Global
	GlobalSection(SolutionConfigurationPlatforms) = preSolution
		Debug|Any CPU = Debug|Any CPU
		Release|Any CPU = Release|Any CPU
	EndGlobalSection
	GlobalSection(ProjectConfigurationPlatforms) = postSolution
		{DA02CEDC-5764-4E1A-8B5E-D4F9E7630563}.Debug|Any CPU.ActiveCfg = Debug|Any CPU
		{DA02CEDC-5764-4E1A-8B5E-D4F9E7630563}.Debug|Any CPU.Build.0 = Debug|Any CPU
		{DA02CEDC-5764-4E1A-8B5E-D4F9E7630563}.Release|Any CPU.ActiveCfg = Release|Any CPU
		{DA02CEDC-5764-4E1A-8B5E-D4F9E7630563}.Release|Any CPU.Build.0 = Release|Any CPU
	EndGlobalSection
	GlobalSection(SolutionProperties) = preSolution
		HideSolutionNode = FALSE
	EndGlobalSection
	GlobalSection(ExtensibilityGlobals) = postSolution
		SolutionGuid = {EC5F3D61-4235-4CE9-B811-B3BBF2EC8193}
	EndGlobalSection
EndGlobal
